lockfileVersion: '9.0'

settings:
  autoInstallPeers: true
  excludeLinksFromLockfile: false

time:
  '@babel/helper-string-parser@7.27.1': 2025-04-30T15:08:26.501Z
  '@babel/helper-validator-identifier@7.28.5': 2025-10-23T15:17:38.203Z
  '@babel/parser@7.29.2': 2026-03-16T22:33:19.657Z
  '@babel/types@7.29.0': 2026-01-31T17:39:13.578Z
  '@docsearch/css@4.6.3': 2026-04-27T15:53:43.115Z
  '@docsearch/js@4.6.3': 2026-04-27T15:53:49.641Z
  '@docsearch/sidepanel-js@4.6.3': 2026-04-27T15:53:57.655Z
  '@esbuild/darwin-arm64@0.27.7': 2026-04-02T16:41:35.638Z
  '@esbuild/linux-arm64@0.27.7': 2026-04-02T16:42:03.486Z
  '@esbuild/linux-x64@0.27.7': 2026-04-02T16:42:42.543Z
  '@esbuild/win32-arm64@0.27.7': 2026-04-02T16:43:29.208Z
  '@esbuild/win32-x64@0.27.7': 2026-04-02T16:43:41.245Z
  '@iconify-json/simple-icons@1.2.80': 2026-04-27T04:17:38.672Z
  '@iconify/types@2.0.0': 2022-09-08T06:23:03.369Z
  '@jridgewell/sourcemap-codec@1.5.5': 2025-08-12T06:43:59.139Z
  '@oxc-project/types@0.127.0': 2026-04-20T19:31:02.662Z
  '@oxlint/binding-darwin-arm64@1.62.0': 2026-04-27T12:05:36.134Z
  '@oxlint/binding-linux-arm64-gnu@1.62.0': 2026-04-27T12:05:52.410Z
  '@oxlint/binding-linux-arm64-musl@1.62.0': 2026-04-27T12:05:58.175Z
  '@oxlint/binding-linux-x64-gnu@1.62.0': 2026-04-27T12:07:22.878Z
  '@oxlint/binding-linux-x64-musl@1.62.0': 2026-04-27T12:07:28.786Z
  '@oxlint/binding-win32-arm64-msvc@1.62.0': 2026-04-27T12:05:47.226Z
  '@oxlint/binding-win32-x64-msvc@1.62.0': 2026-04-27T12:07:08.230Z
  '@rolldown/binding-darwin-arm64@1.0.0-rc.17': 2026-04-22T11:13:47.749Z
  '@rolldown/binding-linux-arm64-gnu@1.0.0-rc.17': 2026-04-22T11:13:42.623Z
  '@rolldown/binding-linux-arm64-musl@1.0.0-rc.17': 2026-04-22T11:13:53.598Z
  '@rolldown/binding-linux-x64-gnu@1.0.0-rc.17': 2026-04-22T11:13:18.886Z
  '@rolldown/binding-linux-x64-musl@1.0.0-rc.17': 2026-04-22T11:13:25.244Z
  '@rolldown/binding-win32-arm64-msvc@1.0.0-rc.17': 2026-04-22T11:14:04.463Z
  '@rolldown/binding-win32-x64-msvc@1.0.0-rc.17': 2026-04-22T11:13:13.128Z
  '@rolldown/pluginutils@1.0.0-rc.13': 2026-04-01T13:31:26.273Z
  '@rolldown/pluginutils@1.0.0-rc.17': 2026-04-22T11:13:01.300Z
  '@rollup/rollup-darwin-arm64@4.60.2': 2026-04-18T13:58:27.555Z
  '@rollup/rollup-linux-arm64-gnu@4.60.2': 2026-04-18T13:58:41.555Z
  '@rollup/rollup-linux-arm64-musl@4.60.2': 2026-04-18T13:58:45.162Z
  '@rollup/rollup-linux-x64-gnu@4.60.2': 2026-04-18T13:59:43.183Z
  '@rollup/rollup-linux-x64-musl@4.60.2': 2026-04-18T13:59:46.857Z
  '@rollup/rollup-win32-arm64-msvc@4.60.2': 2026-04-18T13:58:34.533Z
  '@rollup/rollup-win32-x64-gnu@4.60.2': 2026-04-18T13:59:32.651Z
  '@rollup/rollup-win32-x64-msvc@4.60.2': 2026-04-18T13:59:36.248Z
  '@shikijs/core@3.23.0': 2026-02-25T05:40:27.453Z
  '@shikijs/engine-javascript@3.23.0': 2026-02-25T05:40:33.444Z
  '@shikijs/engine-oniguruma@3.23.0': 2026-02-25T05:40:39.130Z
  '@shikijs/langs@3.23.0': 2026-02-25T05:40:46.353Z
  '@shikijs/themes@3.23.0': 2026-02-25T05:41:10.587Z
  '@shikijs/transformers@3.23.0': 2026-02-25T05:41:31.765Z
  '@shikijs/types@3.23.0': 2026-02-25T05:40:20.978Z
  '@shikijs/vscode-textmate@10.0.2': 2025-02-15T16:46:32.096Z
  '@types/estree@1.0.8': 2025-06-06T00:04:34.692Z
  '@types/hast@3.0.4': 2024-01-30T22:06:19.288Z
  '@types/linkify-it@5.0.0': 2024-05-01T18:07:46.092Z
  '@types/markdown-it@14.1.2': 2024-07-25T05:07:30.523Z
  '@types/mdast@4.0.4': 2024-05-14T07:35:37.616Z
  '@types/mdurl@2.0.0': 2024-05-01T18:08:10.612Z
  '@types/node@24.12.2': 2026-04-03T11:15:02.599Z
  '@types/unist@3.0.3': 2024-08-15T02:19:16.553Z
  '@types/web-bluetooth@0.0.21': 2025-02-28T23:32:05.029Z
  '@ungap/structured-clone@1.3.0': 2025-01-23T14:13:01.275Z
  '@vitejs/plugin-vue@6.0.6': 2026-04-13T06:15:35.225Z
  '@vue/compiler-core@3.5.33': 2026-04-22T07:20:39.247Z
  '@vue/compiler-dom@3.5.33': 2026-04-22T07:20:42.885Z
  '@vue/compiler-sfc@3.5.33': 2026-04-22T07:20:47.147Z
  '@vue/compiler-ssr@3.5.33': 2026-04-22T07:20:50.836Z
  '@vue/devtools-api@8.1.1': 2026-03-23T14:03:28.510Z
  '@vue/devtools-kit@8.1.1': 2026-03-23T14:03:18.074Z
  '@vue/devtools-shared@8.1.1': 2026-03-23T14:03:14.538Z
  '@vue/reactivity@3.5.33': 2026-04-22T07:20:54.407Z
  '@vue/runtime-core@3.5.33': 2026-04-22T07:20:57.983Z
  '@vue/runtime-dom@3.5.33': 2026-04-22T07:21:01.334Z
  '@vue/server-renderer@3.5.33': 2026-04-22T07:21:04.749Z
  '@vue/shared@3.5.33': 2026-04-22T07:21:08.034Z
  '@vueuse/core@14.2.1': 2026-02-10T03:36:45.251Z
  '@vueuse/integrations@14.2.1': 2026-02-10T05:55:12.799Z
  '@vueuse/metadata@14.2.1': 2026-02-10T03:36:32.634Z
  '@vueuse/shared@14.2.1': 2026-02-10T03:36:38.696Z
  birpc@2.9.0: 2025-12-03T06:40:16.657Z
  ccount@2.0.1: 2021-10-28T09:38:13.774Z
  character-entities-html4@2.1.0: 2021-10-29T14:28:35.375Z
  character-entities-legacy@3.0.0: 2021-10-29T12:50:20.435Z
  comma-separated-tokens@2.0.3: 2022-11-14T09:09:04.761Z
  csstype@3.2.3: 2025-11-17T11:42:27.045Z
  dequal@2.0.3: 2022-07-11T23:29:04.965Z
  devlop@1.1.0: 2023-06-29T15:17:11.346Z
  entities@7.0.1: 2026-01-21T13:46:30.165Z
  esbuild@0.27.7: 2026-04-02T16:43:44.831Z
  estree-walker@2.0.2: 2020-12-08T17:07:42.670Z
  fdir@6.5.0: 2025-08-14T16:56:03.948Z
  focus-trap@8.1.0: 2026-04-24T14:34:37.795Z
  fsevents@2.3.3: 2023-08-21T16:24:22.854Z
  hast-util-to-html@9.0.5: 2025-02-19T13:34:47.133Z
  hast-util-whitespace@3.0.0: 2023-07-31T15:52:12.042Z
  hookable@5.5.3: 2023-03-30T13:33:47.930Z
  html-void-elements@3.0.0: 2023-05-19T10:17:19.335Z
  magic-string@0.30.21: 2025-10-24T00:59:47.122Z
  mark.js@8.11.1: 2018-01-11T22:55:52.210Z
  mdast-util-to-hast@13.2.1: 2025-11-23T21:08:34.155Z
  micromark-util-character@2.1.1: 2024-11-12T11:17:13.750Z
  micromark-util-encode@2.0.1: 2024-11-12T11:17:34.206Z
  micromark-util-sanitize-uri@2.0.1: 2024-11-12T11:17:48.745Z
  micromark-util-symbol@2.0.1: 2024-11-12T11:17:55.709Z
  micromark-util-types@2.0.2: 2025-02-27T13:55:27.982Z
  minisearch@7.2.0: 2025-09-16T12:42:12.453Z
  nanoid@3.3.11: 2025-03-18T23:06:32.923Z
  oniguruma-parser@0.12.2: 2026-04-19T12:52:16.179Z
  oniguruma-to-es@4.3.6: 2026-04-19T13:08:33.973Z
  oxlint@1.62.0: 2026-04-27T12:07:33.195Z
  perfect-debounce@2.1.0: 2026-01-21T23:47:33.457Z
  picocolors@1.1.1: 2024-10-16T18:20:03.921Z
  picomatch@4.0.4: 2026-03-23T20:39:47.960Z
  postcss@8.5.12: 2026-04-26T14:23:03.643Z
  property-information@7.1.0: 2025-05-08T07:00:48.463Z
  regex-recursion@6.0.2: 2025-02-01T00:57:00.191Z
  regex-utilities@2.3.0: 2024-08-31T18:40:34.903Z
  regex@6.1.0: 2025-12-09T01:33:47.153Z
  rolldown@1.0.0-rc.17: 2026-04-22T11:14:29.632Z
  rollup@4.60.2: 2026-04-18T13:59:58.613Z
  shiki@3.23.0: 2026-02-25T05:41:26.011Z
  source-map-js@1.2.1: 2024-09-08T16:22:55.645Z
  space-separated-tokens@2.0.2: 2022-11-14T08:54:14.011Z
  stringify-entities@4.0.4: 2024-04-03T13:04:46.263Z
  tabbable@6.4.0: 2025-12-31T17:29:46.264Z
  tinyglobby@0.2.16: 2026-04-07T23:37:03.457Z
  trim-lines@3.0.1: 2022-07-03T12:54:20.493Z
  typescript@5.9.3: 2025-09-30T21:19:38.784Z
  undici-types@7.16.0: 2025-09-09T17:07:27.610Z
  unist-util-is@6.0.1: 2025-10-16T18:01:47.398Z
  unist-util-position@5.0.0: 2023-07-07T09:59:34.316Z
  unist-util-stringify-position@4.0.0: 2023-07-07T10:09:26.763Z
  unist-util-visit-parents@6.0.2: 2025-10-16T18:20:45.045Z
  unist-util-visit@5.1.0: 2026-01-22T19:02:58.977Z
  vfile-message@4.0.3: 2025-07-26T15:08:12.656Z
  vfile@6.0.3: 2024-08-27T09:12:42.377Z
  vite@7.3.2: 2026-04-06T12:05:16.763Z
  vitepress@2.0.0-alpha.17: 2026-03-19T17:06:38.837Z
  vue@3.5.33: 2026-04-22T07:21:12.258Z
  zwitch@2.0.4: 2022-11-16T09:09:14.038Z

importers:

  .:
    dependencies:
      focus-trap:
        specifier: ^7 || ^8
        version: 8.1.0
      picomatch:
        specifier: ^3 || ^4
        version: 4.0.4
      postcss:
        specifier: ^8
        version: 8.5.12
      vite:
        specifier: ^5.0.0 || ^6.0.0 || ^7.0.0 || ^8.0.0
        version: 7.3.2(@types/node@24.12.2)
      vue:
        specifier: ^3.2.25
        version: 3.5.33(typescript@5.9.3)
    devDependencies:
      '@types/node':
        specifier: ^24.0.0
        version: 24.12.2
      oxlint:
        specifier: ^1.61.0
        version: 1.62.0
      rolldown:
        specifier: ^1.0.0-rc.17
        version: 1.0.0-rc.17
      typescript:
        specifier: ^5.8.0
        version: 5.9.3
      vitepress:
        specifier: ^2.0.0-alpha.17
        version: 2.0.0-alpha.17(postcss@8.5.12)

packages:

  '@babel/helper-string-parser@7.27.1':
    resolution: {integrity: sha512-qMlSxKbpRlAridDExk92nSobyDdpPijUq2DW6oDnUqd0iOGxmQjyqhMIihI9+zv4LPyZdRje2cavWPbCbWm3eA==}
    engines: {node: '>=6.9.0'}

  '@babel/helper-validator-identifier@7.28.5':
    resolution: {integrity: sha512-qSs4ifwzKJSV39ucNjsvc6WVHs6b7S03sOh2OcHF9UHfVPqWWALUsNUVzhSBiItjRZoLHx7nIarVjqKVusUZ1Q==}
    engines: {node: '>=6.9.0'}

  '@babel/parser@7.29.2':
    resolution: {integrity: sha512-4GgRzy/+fsBa72/RZVJmGKPmZu9Byn8o4MoLpmNe1m8ZfYnz5emHLQz3U4gLud6Zwl0RZIcgiLD7Uq7ySFuDLA==}
    engines: {node: '>=6.0.0'}
    hasBin: true

  '@babel/types@7.29.0':
    resolution: {integrity: sha512-LwdZHpScM4Qz8Xw2iKSzS+cfglZzJGvofQICy7W7v4caru4EaAmyUuO6BGrbyQ2mYV11W0U8j5mBhd14dd3B0A==}
    engines: {node: '>=6.9.0'}

  '@docsearch/css@4.6.3':
    resolution: {integrity: sha512-nlOwcXcsNAptQl4vlL4MA78qNJKO0Qlds5GuBjCoePgkebTXLSf8Qt1oyZ3YBshYupKXG9VRGEsk1zr23d+bzQ==}

  '@docsearch/js@4.6.3':
    resolution: {integrity: sha512-qUIX2b4Apew3tv4F0qhmgShsl/Lfw4m6mqv/5/5dWNxwTcDdLMp2s3YwZ+NMGh3IKCg0pBaXm7Q5VdyU5Rj+cQ==}

  '@docsearch/sidepanel-js@4.6.3':
    resolution: {integrity: sha512-grGSmvXzG0if+mrzdIKykvpIAuEQ9u0sEJ2eLRRCaQfJvsWqh2C2/aY04bIzWvDh7myi5rvl8D+tUNsVrjYQ3A==}

  '@esbuild/darwin-arm64@0.27.7':
    resolution: {integrity: sha512-5lckdqeuBPlKUwvoCXIgI2D9/ABmPq3Rdp7IfL70393YgaASt7tbju3Ac+ePVi3KDH6N2RqePfHnXkaDtY9fkw==}
    engines: {node: '>=18'}
    os:
    - darwin
    cpu:
    - arm64

  '@esbuild/linux-arm64@0.27.7':
    resolution: {integrity: sha512-RZPHBoxXuNnPQO9rvjh5jdkRmVizktkT7TCDkDmQ0W2SwHInKCAV95GRuvdSvA7w4VMwfCjUiPwDi0ZO6Nfe9A==}
    engines: {node: '>=18'}
    os:
    - linux
    cpu:
    - arm64

  '@esbuild/linux-x64@0.27.7':
    resolution: {integrity: sha512-hzznmADPt+OmsYzw1EE33ccA+HPdIqiCRq7cQeL1Jlq2gb1+OyWBkMCrYGBJ+sxVzve2ZJEVeePbLM2iEIZSxA==}
    engines: {node: '>=18'}
    os:
    - linux
    cpu:
    - x64

  '@esbuild/win32-arm64@0.27.7':
    resolution: {integrity: sha512-7yRhbHvPqSpRUV7Q20VuDwbjW5kIMwTHpptuUzV+AA46kiPze5Z7qgt6CLCK3pWFrHeNfDd1VKgyP4O+ng17CA==}
    engines: {node: '>=18'}
    os:
    - win32
    cpu:
    - arm64

  '@esbuild/win32-x64@0.27.7':
    resolution: {integrity: sha512-56hiAJPhwQ1R4i+21FVF7V8kSD5zZTdHcVuRFMW0hn753vVfQN8xlx4uOPT4xoGH0Z/oVATuR82AiqSTDIpaHg==}
    engines: {node: '>=18'}
    os:
    - win32
    cpu:
    - x64

  '@iconify-json/simple-icons@1.2.80':
    resolution: {integrity: sha512-iglncJJ6X/dVuzFDU32MrHwwo4RBwivGf108dgyYg+HKS78ifx0h7sTenpDZMVT+UhdS6CSgZcvY/SvRXlIEUg==}

  '@iconify/types@2.0.0':
    resolution: {integrity: sha512-+wluvCrRhXrhyOmRDJ3q8mux9JkKy5SJ/v8ol2tu4FVjyYvtEzkc/3pK15ET6RKg4b4w4BmTk1+gsCUhf21Ykg==}

  '@jridgewell/sourcemap-codec@1.5.5':
    resolution: {integrity: sha512-cYQ9310grqxueWbl+WuIUIaiUaDcj7WOq5fVhEljNVgRfOUhY9fy2zTvfoqWsnebh8Sl70VScFbICvJnLKB0Og==}

  '@oxc-project/types@0.127.0':
    resolution: {integrity: sha512-aIYXQBo4lCbO4z0R3FHeucQHpF46l2LbMdxRvqvuRuW2OxdnSkcng5B8+K12spgLDj93rtN3+J2Vac/TIO+ciQ==}

  '@oxlint/binding-darwin-arm64@1.62.0':
    resolution: {integrity: sha512-iG+Tvf70UJ6otfwFYIHk36Sjq9cpPP5YLxkoggANNRtzgi3Tj3g8q6Ybqi6AtkU3+yg9QwF7bDCkCS6bbL4PCg==}
    engines: {node: ^20.19.0 || >=22.12.0}
    os:
    - darwin
    cpu:
    - arm64

  '@oxlint/binding-linux-arm64-gnu@1.62.0':
    resolution: {integrity: sha512-QwN19LLuIGuOjEflSeJkZmOTfBdBMlTmW8xbMf8TZhjd//cxVNYQPq75q7oKZBJc6hRx3gY7sX0Egc8cEIFZYg==}
    engines: {node: ^20.19.0 || >=22.12.0}
    os:
    - linux
    cpu:
    - arm64
    libc:
    - glibc

  '@oxlint/binding-linux-arm64-musl@1.62.0':
    resolution: {integrity: sha512-8eCy3FCDuWUM5hWujAv6heMvfZPbcCOU3SdQUAkixZLu5bSzOkNfirJiLGoQFO943xceOKkiQRMQNzH++jM3WA==}
    engines: {node: ^20.19.0 || >=22.12.0}
    os:
    - linux
    cpu:
    - arm64
    libc:
    - musl

  '@oxlint/binding-linux-x64-gnu@1.62.0':
    resolution: {integrity: sha512-5z25jcAA0gfKyVwz71A0VXgaPlocPoTAxhlv/hgoK6tlCrfoNuw7haWbDHvGMfjXhdic4EqVXGRv5XsTqFnbRQ==}
    engines: {node: ^20.19.0 || >=22.12.0}
    os:
    - linux
    cpu:
    - x64
    libc:
    - glibc

  '@oxlint/binding-linux-x64-musl@1.62.0':
    resolution: {integrity: sha512-IWpHmMB6ZDllPvqWDkG6AmXrN7JF5e/c4g/0PuURsmlK+vHoYZPB70rr4u1bn3I4LsKCSpqqfveyx6UCOC8wdg==}
    engines: {node: ^20.19.0 || >=22.12.0}
    os:
    - linux
    cpu:
    - x64
    libc:
    - musl

  '@oxlint/binding-win32-arm64-msvc@1.62.0':
    resolution: {integrity: sha512-EiFXr8loNS0Ul3Gu80+9nr1T8jRmnKocqmHHg16tj5ZqTgUXyb97l2rrspVHdDluyFn9JfR4PoJFdNzw4paHww==}
    engines: {node: ^20.19.0 || >=22.12.0}
    os:
    - win32
    cpu:
    - arm64

  '@oxlint/binding-win32-x64-msvc@1.62.0':
    resolution: {integrity: sha512-6hMpyDWQ2zGA1OXFKBrdYMUveUCO8UJhkO6JdwZPd78xIdHZNhjx+pib+4fC2Cljuhjyl0QwA2F3df/bs4Bp6A==}
    engines: {node: ^20.19.0 || >=22.12.0}
    os:
    - win32
    cpu:
    - x64

  '@rolldown/binding-darwin-arm64@1.0.0-rc.17':
    resolution: {integrity: sha512-4ksWc9n0mhlZpZ9PMZgTGjeOPRu8MB1Z3Tz0Mo02eWfWCHMW1zN82Qz/pL/rC+yQa+8ZnutMF0JjJe7PjwasYw==}
    engines: {node: ^20.19.0 || >=22.12.0}
    os:
    - darwin
    cpu:
    - arm64

  '@rolldown/binding-linux-arm64-gnu@1.0.0-rc.17':
    resolution: {integrity: sha512-e6usGaHKW5BMNZOymS1UcEYGowQMWcgZ71Z17Sl/h2+ZziNJ1a9n3Zvcz6LdRyIW5572wBCTH/Z+bKuZouGk9Q==}
    engines: {node: ^20.19.0 || >=22.12.0}
    os:
    - linux
    cpu:
    - arm64
    libc:
    - glibc

  '@rolldown/binding-linux-arm64-musl@1.0.0-rc.17':
    resolution: {integrity: sha512-b/CgbwAJpmrRLp02RPfhbudf5tZnN9nsPWK82znefso832etkem8H7FSZwxrOI9djcdTP7U6YfNhbRnh7djErg==}
    engines: {node: ^20.19.0 || >=22.12.0}
    os:
    - linux
    cpu:
    - arm64
    libc:
    - musl

  '@rolldown/binding-linux-x64-gnu@1.0.0-rc.17':
    resolution: {integrity: sha512-cLnjV3xfo7KslbU41Z7z8BH/E1y5mzUYzAqih1d1MDaIGZRCMqTijqLv76/P7fyHuvUcfGsIpqCdddbxLLK9rA==}
    engines: {node: ^20.19.0 || >=22.12.0}
    os:
    - linux
    cpu:
    - x64
    libc:
    - glibc

  '@rolldown/binding-linux-x64-musl@1.0.0-rc.17':
    resolution: {integrity: sha512-0phclDw1spsL7dUB37sIARuis2tAgomCJXAHZlpt8PXZ4Ba0dRP1e+66lsRqrfhISeN9bEGNjQs+T/Fbd7oYGw==}
    engines: {node: ^20.19.0 || >=22.12.0}
    os:
    - linux
    cpu:
    - x64
    libc:
    - musl

  '@rolldown/binding-win32-arm64-msvc@1.0.0-rc.17':
    resolution: {integrity: sha512-gUmyzBl3SPMa6hrqFUth9sVfcLBlYsbMzBx5PlexMroZStgzGqlZ26pYG89rBb45Mnia+oil6YAIFeEWGWhoZA==}
    engines: {node: ^20.19.0 || >=22.12.0}
    os:
    - win32
    cpu:
    - arm64

  '@rolldown/binding-win32-x64-msvc@1.0.0-rc.17':
    resolution: {integrity: sha512-3hkiolcUAvPB9FLb3UZdfjVVNWherN1f/skkGWJP/fgSQhYUZpSIRr0/I8ZK9TkF3F7kxvJAk0+IcKvPHk9qQg==}
    engines: {node: ^20.19.0 || >=22.12.0}
    os:
    - win32
    cpu:
    - x64

  '@rolldown/pluginutils@1.0.0-rc.13':
    resolution: {integrity: sha512-3ngTAv6F/Py35BsYbeeLeecvhMKdsKm4AoOETVhAA+Qc8nrA2I0kF7oa93mE9qnIurngOSpMnQ0x2nQY2FPviA==}

  '@rolldown/pluginutils@1.0.0-rc.17':
    resolution: {integrity: sha512-n8iosDOt6Ig1UhJ2AYqoIhHWh/isz0xpicHTzpKBeotdVsTEcxsSA/i3EVM7gQAj0rU27OLAxCjzlj15IWY7bg==}

  '@rollup/rollup-darwin-arm64@4.60.2':
    resolution: {integrity: sha512-UwRE7CGpvSVEQS8gUMBe1uADWjNnVgP3Iusyda1nSRwNDCsRjnGc7w6El6WLQsXmZTbLZx9cecegumcitNfpmA==}
    os:
    - darwin
    cpu:
    - arm64

  '@rollup/rollup-linux-arm64-gnu@4.60.2':
    resolution: {integrity: sha512-bO/rVDiDUuM2YfuCUwZ1t1cP+/yqjqz+Xf2VtkdppefuOFS2OSeAfgafaHNkFn0t02hEyXngZkxtGqXcXwO8Rg==}
    os:
    - linux
    cpu:
    - arm64
    libc:
    - glibc

  '@rollup/rollup-linux-arm64-musl@4.60.2':
    resolution: {integrity: sha512-hr26p7e93Rl0Za+JwW7EAnwAvKkehh12BU1Llm9Ykiibg4uIr2rbpxG9WCf56GuvidlTG9KiiQT/TXT1yAWxTA==}
    os:
    - linux
    cpu:
    - arm64
    libc:
    - musl

  '@rollup/rollup-linux-x64-gnu@4.60.2':
    resolution: {integrity: sha512-UQjrkIdWrKI626Du8lCQ6MJp/6V1LAo2bOK9OTu4mSn8GGXIkPXk/Vsp4bLHCd9Z9Iz2OTEaokUE90VweJgIYQ==}
    os:
    - linux
    cpu:
    - x64
    libc:
    - glibc

  '@rollup/rollup-linux-x64-musl@4.60.2':
    resolution: {integrity: sha512-bTsRGj6VlSdn/XD4CGyzMnzaBs9bsRxy79eTqTCBsA8TMIEky7qg48aPkvJvFe1HyzQ5oMZdg7AnVlWQSKLTnw==}
    os:
    - linux
    cpu:
    - x64
    libc:
    - musl

  '@rollup/rollup-win32-arm64-msvc@4.60.2':
    resolution: {integrity: sha512-NCYhOotpgWZ5kdxCZsv6Iudx0wX8980Q/oW4pNFNihpBKsDbEA1zpkfxJGC0yugsUuyDZ7gL37dbzwhR0VI7pQ==}
    os:
    - win32
    cpu:
    - arm64

  '@rollup/rollup-win32-x64-gnu@4.60.2':
    resolution: {integrity: sha512-qdAzEULD+/hzObedtmV6iBpdL5TIbKVztGiK7O3/KYSf+HIzU257+MX1EXJcyIiDbMAqmbwaufcYPvyRryeZtA==}
    os:
    - win32
    cpu:
    - x64

  '@rollup/rollup-win32-x64-msvc@4.60.2':
    resolution: {integrity: sha512-Nd/SgG27WoA9e+/TdK74KnHz852TLa94ovOYySo/yMPuTmpckK/jIF2jSwS3g7ELSKXK13/cVdmg1Z/DaCWKxA==}
    os:
    - win32
    cpu:
    - x64

  '@shikijs/core@3.23.0':
    resolution: {integrity: sha512-NSWQz0riNb67xthdm5br6lAkvpDJRTgB36fxlo37ZzM2yq0PQFFzbd8psqC2XMPgCzo1fW6cVi18+ArJ44wqgA==}

  '@shikijs/engine-javascript@3.23.0':
    resolution: {integrity: sha512-aHt9eiGFobmWR5uqJUViySI1bHMqrAgamWE1TYSUoftkAeCCAiGawPMwM+VCadylQtF4V3VNOZ5LmfItH5f3yA==}

  '@shikijs/engine-oniguruma@3.23.0':
    resolution: {integrity: sha512-1nWINwKXxKKLqPibT5f4pAFLej9oZzQTsby8942OTlsJzOBZ0MWKiwzMsd+jhzu8YPCHAswGnnN1YtQfirL35g==}

  '@shikijs/langs@3.23.0':
    resolution: {integrity: sha512-2Ep4W3Re5aB1/62RSYQInK9mM3HsLeB91cHqznAJMuylqjzNVAVCMnNWRHFtcNHXsoNRayP9z1qj4Sq3nMqYXg==}

  '@shikijs/themes@3.23.0':
    resolution: {integrity: sha512-5qySYa1ZgAT18HR/ypENL9cUSGOeI2x+4IvYJu4JgVJdizn6kG4ia5Q1jDEOi7gTbN4RbuYtmHh0W3eccOrjMA==}

  '@shikijs/transformers@3.23.0':
    resolution: {integrity: sha512-F9msZVxdF+krQNSdQ4V+Ja5QemeAoTQ2jxt7nJCwhDsdF1JWS3KxIQXA3lQbyKwS3J61oHRUSv4jYWv3CkaKTQ==}

  '@shikijs/types@3.23.0':
    resolution: {integrity: sha512-3JZ5HXOZfYjsYSk0yPwBrkupyYSLpAE26Qc0HLghhZNGTZg/SKxXIIgoxOpmmeQP0RRSDJTk1/vPfw9tbw+jSQ==}

  '@shikijs/vscode-textmate@10.0.2':
    resolution: {integrity: sha512-83yeghZ2xxin3Nj8z1NMd/NCuca+gsYXswywDy5bHvwlWL8tpTQmzGeUuHd9FC3E/SBEMvzJRwWEOz5gGes9Qg==}

  '@types/estree@1.0.8':
    resolution: {integrity: sha512-dWHzHa2WqEXI/O1E9OjrocMTKJl2mSrEolh1Iomrv6U+JuNwaHXsXx9bLu5gG7BUWFIN0skIQJQ/L1rIex4X6w==}

  '@types/hast@3.0.4':
    resolution: {integrity: sha512-WPs+bbQw5aCj+x6laNGWLH3wviHtoCv/P3+otBhbOhJgG8qtpdAMlTCxLtsTWA7LH1Oh/bFCHsBn0TPS5m30EQ==}

  '@types/linkify-it@5.0.0':
    resolution: {integrity: sha512-sVDA58zAw4eWAffKOaQH5/5j3XeayukzDk+ewSsnv3p4yJEZHCCzMDiZM8e0OUrRvmpGZ85jf4yDHkHsgBNr9Q==}

  '@types/markdown-it@14.1.2':
    resolution: {integrity: sha512-promo4eFwuiW+TfGxhi+0x3czqTYJkG8qB17ZUJiVF10Xm7NLVRSLUsfRTU/6h1e24VvRnXCx+hG7li58lkzog==}

  '@types/mdast@4.0.4':
    resolution: {integrity: sha512-kGaNbPh1k7AFzgpud/gMdvIm5xuECykRR+JnWKQno9TAXVa6WIVCGTPvYGekIDL4uwCZQSYbUxNBSb1aUo79oA==}

  '@types/mdurl@2.0.0':
    resolution: {integrity: sha512-RGdgjQUZba5p6QEFAVx2OGb8rQDL/cPRG7GiedRzMcJ1tYnUANBncjbSB1NRGwbvjcPeikRABz2nshyPk1bhWg==}

  '@types/node@24.12.2':
    resolution: {integrity: sha512-A1sre26ke7HDIuY/M23nd9gfB+nrmhtYyMINbjI1zHJxYteKR6qSMX56FsmjMcDb3SMcjJg5BiRRgOCC/yBD0g==}

  '@types/unist@3.0.3':
    resolution: {integrity: sha512-ko/gIFJRv177XgZsZcBwnqJN5x/Gien8qNOn0D5bQU/zAzVf9Zt3BlcUiLqhV9y4ARk0GbT3tnUiPNgnTXzc/Q==}

  '@types/web-bluetooth@0.0.21':
    resolution: {integrity: sha512-oIQLCGWtcFZy2JW77j9k8nHzAOpqMHLQejDA48XXMWH6tjCQHz5RCFz1bzsmROyL6PUm+LLnUiI4BCn221inxA==}

  '@ungap/structured-clone@1.3.0':
    resolution: {integrity: sha512-WmoN8qaIAo7WTYWbAZuG8PYEhn5fkz7dZrqTBZ7dtt//lL2Gwms1IcnQ5yHqjDfX8Ft5j4YzDM23f87zBfDe9g==}

  '@vitejs/plugin-vue@6.0.6':
    resolution: {integrity: sha512-u9HHgfrq3AjXlysn0eINFnWQOJQLO9WN6VprZ8FXl7A2bYisv3Hui9Ij+7QZ41F/WYWarHjwBbXtD7dKg3uxbg==}
    engines: {node: ^20.19.0 || >=22.12.0}
    peerDependencies:
      vite: ^5.0.0 || ^6.0.0 || ^7.0.0 || ^8.0.0
      vue: ^3.2.25

  '@vue/compiler-core@3.5.33':
    resolution: {integrity: sha512-3PZLQwFw4Za3TC8t0FvTy3wI16Kt+pmwcgNZca4Pj9iWL2E72a/gZlpBtAJvEdDMdCxdG/qq0C7PN0bsJuv0Rw==}

  '@vue/compiler-dom@3.5.33':
    resolution: {integrity: sha512-PXq0yrfCLzzL07rbXO4awtXY1Z06LG2eu6Adg3RJFa/j3Cii217XxxLXG22N330gw7GmALCY0Z8RgXEviwgpjA==}

  '@vue/compiler-sfc@3.5.33':
    resolution: {integrity: sha512-UTUvRO9cY+rROrx/pvN9P5Z7FgA6QGfokUCfhQE4EnmUj3rVnK+CHI0LsEO1pg+I7//iRYMUfcNcCPe7tg0CoA==}

  '@vue/compiler-ssr@3.5.33':
    resolution: {integrity: sha512-IErjYdnj1qIupG5xxiVIYiiRvDhGWV4zuh/RCrwfYpuL+HWQzeU6lCk/nF9r7olWMnjKxCAkOctT2qFWFkzb1A==}

  '@vue/devtools-api@8.1.1':
    resolution: {integrity: sha512-bsDMJ07b3GN1puVwJb/fyFnj/U2imyswK5UQVLZwVl7O05jDrt6BHxeG5XffmOOdasOj/bOmIjxJvGPxU7pcqw==}

  '@vue/devtools-kit@8.1.1':
    resolution: {integrity: sha512-gVBaBv++i+adg4JpH71k9ppl4soyR7Y2McEqO5YNgv0BI1kMZ7BDX5gnwkZ5COYgiCyhejZG+yGNrBAjj6Coqg==}

  '@vue/devtools-shared@8.1.1':
    resolution: {integrity: sha512-+h4ttmJYl/txpxHKaoZcaKpC+pvckgLzIDiSQlaQ7kKthKh8KuwoLW2D8hPJEnqKzXOvu15UHEoGyngAXCz0EQ==}

  '@vue/reactivity@3.5.33':
    resolution: {integrity: sha512-p8UfIqyIhb0rYGlSgSBV+lPhF2iUSBcRy7enhTmPqKWadHy9kcOFYF1AejYBP9P+avnd3OBbD49DU4pLWX/94A==}

  '@vue/runtime-core@3.5.33':
    resolution: {integrity: sha512-UpFF45RI9//a7rvq7RdOQblb4tup7hHG9QsmIrxkFQLzQ7R8/iNQ5LE15NhLZ1/WcHMU2b47u6P33CPUelHyIQ==}

  '@vue/runtime-dom@3.5.33':
    resolution: {integrity: sha512-IOxMsAOwquhfITgmOgaPYl7/j8gKUxUFoflRc+u4LxyD3+783xne8vNta1PONVCvCV9A0w7hkyEepINDqfO0tw==}

  '@vue/server-renderer@3.5.33':
    resolution: {integrity: sha512-0xylq/8/h44lVG0pZFknv1XIdEgymq2E9n59uTWJBG+dIgiT0TMCSsxrN7nO16Z0MU0MPjFcguBbZV8Itk52Hw==}
    peerDependencies:
      vue: 3.5.33

  '@vue/shared@3.5.33':
    resolution: {integrity: sha512-5vR2QIlmaLG77Ygd4pMP6+SGQ5yox9VhtnbDWTy9DzMzdmeLxZ1QqxrywEZ9sa1AVubfIJyaCG3ytyWU81ufcQ==}

  '@vueuse/core@14.2.1':
    resolution: {integrity: sha512-3vwDzV+GDUNpdegRY6kzpLm4Igptq+GA0QkJ3W61Iv27YWwW/ufSlOfgQIpN6FZRMG0mkaz4gglJRtq5SeJyIQ==}
    peerDependencies:
      vue: ^3.5.0

  '@vueuse/integrations@14.2.1':
    resolution: {integrity: sha512-2LIUpBi/67PoXJGqSDQUF0pgQWpNHh7beiA+KG2AbybcNm+pTGWT6oPGlBgUoDWmYwfeQqM/uzOHqcILpKL7nA==}
    peerDependencies:
      async-validator: ^4
      axios: ^1
      change-case: ^5
      drauu: ^0.4
      focus-trap: ^7 || ^8
      fuse.js: ^7
      idb-keyval: ^6
      jwt-decode: ^4
      nprogress: ^0.2
      qrcode: ^1.5
      sortablejs: ^1
      universal-cookie: ^7 || ^8
      vue: ^3.5.0
    peerDependenciesMeta:
      async-validator:
        optional: true
      axios:
        optional: true
      change-case:
        optional: true
      drauu:
        optional: true
      focus-trap:
        optional: true
      fuse.js:
        optional: true
      idb-keyval:
        optional: true
      jwt-decode:
        optional: true
      nprogress:
        optional: true
      qrcode:
        optional: true
      sortablejs:
        optional: true
      universal-cookie:
        optional: true

  '@vueuse/metadata@14.2.1':
    resolution: {integrity: sha512-1ButlVtj5Sb/HDtIy1HFr1VqCP4G6Ypqt5MAo0lCgjokrk2mvQKsK2uuy0vqu/Ks+sHfuHo0B9Y9jn9xKdjZsw==}

  '@vueuse/shared@14.2.1':
    resolution: {integrity: sha512-shTJncjV9JTI4oVNyF1FQonetYAiTBd+Qj7cY89SWbXSkx7gyhrgtEdF2ZAVWS1S3SHlaROO6F2IesJxQEkZBw==}
    peerDependencies:
      vue: ^3.5.0

  birpc@2.9.0:
    resolution: {integrity: sha512-KrayHS5pBi69Xi9JmvoqrIgYGDkD6mcSe/i6YKi3w5kekCLzrX4+nawcXqrj2tIp50Kw/mT/s3p+GVK0A0sKxw==}

  ccount@2.0.1:
    resolution: {integrity: sha512-eyrF0jiFpY+3drT6383f1qhkbGsLSifNAjA61IUjZjmLCWjItY6LB9ft9YhoDgwfmclB2zhu51Lc7+95b8NRAg==}

  character-entities-html4@2.1.0:
    resolution: {integrity: sha512-1v7fgQRj6hnSwFpq1Eu0ynr/CDEw0rXo2B61qXrLNdHZmPKgb7fqS1a2JwF0rISo9q77jDI8VMEHoApn8qDoZA==}

  character-entities-legacy@3.0.0:
    resolution: {integrity: sha512-RpPp0asT/6ufRm//AJVwpViZbGM/MkjQFxJccQRHmISF/22NBtsHqAWmL+/pmkPWoIUJdWyeVleTl1wydHATVQ==}

  comma-separated-tokens@2.0.3:
    resolution: {integrity: sha512-Fu4hJdvzeylCfQPp9SGWidpzrMs7tTrlu6Vb8XGaRGck8QSNZJJp538Wrb60Lax4fPwR64ViY468OIUTbRlGZg==}

  csstype@3.2.3:
    resolution: {integrity: sha512-z1HGKcYy2xA8AGQfwrn0PAy+PB7X/GSj3UVJW9qKyn43xWa+gl5nXmU4qqLMRzWVLFC8KusUX8T/0kCiOYpAIQ==}

  dequal@2.0.3:
    resolution: {integrity: sha512-0je+qPKHEMohvfRTCEo3CrPG6cAzAYgmzKyxRiYSSDkS6eGJdyVJm7WaYA5ECaAD9wLB2T4EEeymA5aFVcYXCA==}
    engines: {node: '>=6'}

  devlop@1.1.0:
    resolution: {integrity: sha512-RWmIqhcFf1lRYBvNmr7qTNuyCt/7/ns2jbpp1+PalgE/rDQcBT0fioSMUpJ93irlUhC5hrg4cYqe6U+0ImW0rA==}

  entities@7.0.1:
    resolution: {integrity: sha512-TWrgLOFUQTH994YUyl1yT4uyavY5nNB5muff+RtWaqNVCAK408b5ZnnbNAUEWLTCpum9w6arT70i1XdQ4UeOPA==}
    engines: {node: '>=0.12'}

  esbuild@0.27.7:
    resolution: {integrity: sha512-IxpibTjyVnmrIQo5aqNpCgoACA/dTKLTlhMHihVHhdkxKyPO1uBBthumT0rdHmcsk9uMonIWS0m4FljWzILh3w==}
    engines: {node: '>=18'}
    hasBin: true

  estree-walker@2.0.2:
    resolution: {integrity: sha512-Rfkk/Mp/DL7JVje3u18FxFujQlTNR2q6QfMSMB7AvCBx91NGj/ba3kCfza0f6dVDbw7YlRf/nDrn7pQrCCyQ/w==}

  fdir@6.5.0:
    resolution: {integrity: sha512-tIbYtZbucOs0BRGqPJkshJUYdL+SDH7dVM8gjy+ERp3WAUjLEFJE+02kanyHtwjWOnwrKYBiwAmM0p4kLJAnXg==}
    engines: {node: '>=12.0.0'}
    peerDependencies:
      picomatch: ^3 || ^4
    peerDependenciesMeta:
      picomatch:
        optional: true

  focus-trap@8.1.0:
    resolution: {integrity: sha512-T65crff26CKV2CZ3csg5y05r+560srp0b8EbAif35euW58hzklVf/Gb4Q+/HCtB8e9III3QFEyk5BWV5XJuOyw==}

  fsevents@2.3.3:
    resolution: {integrity: sha512-5xoDfX+fL7faATnagmWPpbFtwh/R77WmMMqqHGS65C3vvB0YHrgF+B1YmZ3441tMj5n63k0212XNoJwzlhffQw==}
    engines: {node: ^8.16.0 || ^10.6.0 || >=11.0.0}
    os:
    - darwin

  hast-util-to-html@9.0.5:
    resolution: {integrity: sha512-OguPdidb+fbHQSU4Q4ZiLKnzWo8Wwsf5bZfbvu7//a9oTYoqD/fWpe96NuHkoS9h0ccGOTe0C4NGXdtS0iObOw==}

  hast-util-whitespace@3.0.0:
    resolution: {integrity: sha512-88JUN06ipLwsnv+dVn+OIYOvAuvBMy/Qoi6O7mQHxdPXpjy+Cd6xRkWwux7DKO+4sYILtLBRIKgsdpS2gQc7qw==}

  hookable@5.5.3:
    resolution: {integrity: sha512-Yc+BQe8SvoXH1643Qez1zqLRmbA5rCL+sSmk6TVos0LWVfNIB7PGncdlId77WzLGSIB5KaWgTaNTs2lNVEI6VQ==}

  html-void-elements@3.0.0:
    resolution: {integrity: sha512-bEqo66MRXsUGxWHV5IP0PUiAWwoEjba4VCzg0LjFJBpchPaTfyfCKTG6bc5F8ucKec3q5y6qOdGyYTSBEvhCrg==}

  magic-string@0.30.21:
    resolution: {integrity: sha512-vd2F4YUyEXKGcLHoq+TEyCjxueSeHnFxyyjNp80yg0XV4vUhnDer/lvvlqM/arB5bXQN5K2/3oinyCRyx8T2CQ==}

  mark.js@8.11.1:
    resolution: {integrity: sha512-1I+1qpDt4idfgLQG+BNWmrqku+7/2bi5nLf4YwF8y8zXvmfiTBY3PV3ZibfrjBueCByROpuBjLLFCajqkgYoLQ==}

  mdast-util-to-hast@13.2.1:
    resolution: {integrity: sha512-cctsq2wp5vTsLIcaymblUriiTcZd0CwWtCbLvrOzYCDZoWyMNV8sZ7krj09FSnsiJi3WVsHLM4k6Dq/yaPyCXA==}

  micromark-util-character@2.1.1:
    resolution: {integrity: sha512-wv8tdUTJ3thSFFFJKtpYKOYiGP2+v96Hvk4Tu8KpCAsTMs6yi+nVmGh1syvSCsaxz45J6Jbw+9DD6g97+NV67Q==}

  micromark-util-encode@2.0.1:
    resolution: {integrity: sha512-c3cVx2y4KqUnwopcO9b/SCdo2O67LwJJ/UyqGfbigahfegL9myoEFoDYZgkT7f36T0bLrM9hZTAaAyH+PCAXjw==}

  micromark-util-sanitize-uri@2.0.1:
    resolution: {integrity: sha512-9N9IomZ/YuGGZZmQec1MbgxtlgougxTodVwDzzEouPKo3qFWvymFHWcnDi2vzV1ff6kas9ucW+o3yzJK9YB1AQ==}

  micromark-util-symbol@2.0.1:
    resolution: {integrity: sha512-vs5t8Apaud9N28kgCrRUdEed4UJ+wWNvicHLPxCa9ENlYuAY31M0ETy5y1vA33YoNPDFTghEbnh6efaE8h4x0Q==}

  micromark-util-types@2.0.2:
    resolution: {integrity: sha512-Yw0ECSpJoViF1qTU4DC6NwtC4aWGt1EkzaQB8KPPyCRR8z9TWeV0HbEFGTO+ZY1wB22zmxnJqhPyTpOVCpeHTA==}

  minisearch@7.2.0:
    resolution: {integrity: sha512-dqT2XBYUOZOiC5t2HRnwADjhNS2cecp9u+TJRiJ1Qp/f5qjkeT5APcGPjHw+bz89Ms8Jp+cG4AlE+QZ/QnDglg==}

  nanoid@3.3.11:
    resolution: {integrity: sha512-N8SpfPUnUp1bK+PMYW8qSWdl9U+wwNWI4QKxOYDy9JAro3WMX7p2OeVRF9v+347pnakNevPmiHhNmZ2HbFA76w==}
    engines: {node: ^10 || ^12 || ^13.7 || ^14 || >=15.0.1}
    hasBin: true

  oniguruma-parser@0.12.2:
    resolution: {integrity: sha512-6HVa5oIrgMC6aA6WF6XyyqbhRPJrKR02L20+2+zpDtO5QAzGHAUGw5TKQvwi5vctNnRHkJYmjAhRVQF2EKdTQw==}

  oniguruma-to-es@4.3.6:
    resolution: {integrity: sha512-csuQ9x3Yr0cEIs/Zgx/OEt9iBw9vqIunAPQkx19R/fiMq2oGVTgcMqO/V3Ybqefr1TBvosI6jU539ksaBULJyA==}

  oxlint@1.62.0:
    resolution: {integrity: sha512-1uFkg6HakjsGIpW9wNdeW4/2LOHW9MEkoWjZUTUfQtIHyLIZPYt00w3Sg+H3lH+206FgBPHBbW5dVE5l2ExECQ==}
    engines: {node: ^20.19.0 || >=22.12.0}
    hasBin: true
    peerDependencies:
      oxlint-tsgolint: '>=0.18.0'
    peerDependenciesMeta:
      oxlint-tsgolint:
        optional: true

  perfect-debounce@2.1.0:
    resolution: {integrity: sha512-LjgdTytVFXeUgtHZr9WYViYSM/g8MkcTPYDlPa3cDqMirHjKiSZPYd6DoL7pK8AJQr+uWkQvCjHNdiMqsrJs+g==}

  picocolors@1.1.1:
    resolution: {integrity: sha512-xceH2snhtb5M9liqDsmEw56le376mTZkEX/jEb/RxNFyegNul7eNslCXP9FDj/Lcu0X8KEyMceP2ntpaHrDEVA==}

  picomatch@4.0.4:
    resolution: {integrity: sha512-QP88BAKvMam/3NxH6vj2o21R6MjxZUAd6nlwAS/pnGvN9IVLocLHxGYIzFhg6fUQ+5th6P4dv4eW9jX3DSIj7A==}
    engines: {node: '>=12'}

  postcss@8.5.12:
    resolution: {integrity: sha512-W62t/Se6rA0Az3DfCL0AqJwXuKwBeYg6nOaIgzP+xZ7N5BFCI7DYi1qs6ygUYT6rvfi6t9k65UMLJC+PHZpDAA==}
    engines: {node: ^10 || ^12 || >=14}

  property-information@7.1.0:
    resolution: {integrity: sha512-TwEZ+X+yCJmYfL7TPUOcvBZ4QfoT5YenQiJuX//0th53DE6w0xxLEtfK3iyryQFddXuvkIk51EEgrJQ0WJkOmQ==}

  regex-recursion@6.0.2:
    resolution: {integrity: sha512-0YCaSCq2VRIebiaUviZNs0cBz1kg5kVS2UKUfNIx8YVs1cN3AV7NTctO5FOKBA+UT2BPJIWZauYHPqJODG50cg==}

  regex-utilities@2.3.0:
    resolution: {integrity: sha512-8VhliFJAWRaUiVvREIiW2NXXTmHs4vMNnSzuJVhscgmGav3g9VDxLrQndI3dZZVVdp0ZO/5v0xmX516/7M9cng==}

  regex@6.1.0:
    resolution: {integrity: sha512-6VwtthbV4o/7+OaAF9I5L5V3llLEsoPyq9P1JVXkedTP33c7MfCG0/5NOPcSJn0TzXcG9YUrR0gQSWioew3LDg==}

  rolldown@1.0.0-rc.17:
    resolution: {integrity: sha512-ZrT53oAKrtA4+YtBWPQbtPOxIbVDbxT0orcYERKd63VJTF13zPcgXTvD4843L8pcsI7M6MErt8QtON6lrB9tyA==}
    engines: {node: ^20.19.0 || >=22.12.0}
    hasBin: true

  rollup@4.60.2:
    resolution: {integrity: sha512-J9qZyW++QK/09NyN/zeO0dG/1GdGfyp9lV8ajHnRVLfo/uFsbji5mHnDgn/qYdUHyCkM2N+8VyspgZclfAh0eQ==}
    engines: {node: '>=18.0.0', npm: '>=8.0.0'}
    hasBin: true

  shiki@3.23.0:
    resolution: {integrity: sha512-55Dj73uq9ZXL5zyeRPzHQsK7Nbyt6Y10k5s7OjuFZGMhpp4r/rsLBH0o/0fstIzX1Lep9VxefWljK/SKCzygIA==}

  source-map-js@1.2.1:
    resolution: {integrity: sha512-UXWMKhLOwVKb728IUtQPXxfYU+usdybtUrK/8uGE8CQMvrhOpwvzDBwj0QhSL7MQc7vIsISBG8VQ8+IDQxpfQA==}
    engines: {node: '>=0.10.0'}

  space-separated-tokens@2.0.2:
    resolution: {integrity: sha512-PEGlAwrG8yXGXRjW32fGbg66JAlOAwbObuqVoJpv/mRgoWDQfgH1wDPvtzWyUSNAXBGSk8h755YDbbcEy3SH2Q==}

  stringify-entities@4.0.4:
    resolution: {integrity: sha512-IwfBptatlO+QCJUo19AqvrPNqlVMpW9YEL2LIVY+Rpv2qsjCGxaDLNRgeGsQWJhfItebuJhsGSLjaBbNSQ+ieg==}

  tabbable@6.4.0:
    resolution: {integrity: sha512-05PUHKSNE8ou2dwIxTngl4EzcnsCDZGJ/iCLtDflR/SHB/ny14rXc+qU5P4mG9JkusiV7EivzY9Mhm55AzAvCg==}

  tinyglobby@0.2.16:
    resolution: {integrity: sha512-pn99VhoACYR8nFHhxqix+uvsbXineAasWm5ojXoN8xEwK5Kd3/TrhNn1wByuD52UxWRLy8pu+kRMniEi6Eq9Zg==}
    engines: {node: '>=12.0.0'}

  trim-lines@3.0.1:
    resolution: {integrity: sha512-kRj8B+YHZCc9kQYdWfJB2/oUl9rA99qbowYYBtr4ui4mZyAQ2JpvVBd/6U2YloATfqBhBTSMhTpgBHtU0Mf3Rg==}

  typescript@5.9.3:
    resolution: {integrity: sha512-jl1vZzPDinLr9eUt3J/t7V6FgNEw9QjvBPdysz9KfQDD41fQrC2Y4vKQdiaUpFT4bXlb1RHhLpp8wtm6M5TgSw==}
    engines: {node: '>=14.17'}
    hasBin: true

  undici-types@7.16.0:
    resolution: {integrity: sha512-Zz+aZWSj8LE6zoxD+xrjh4VfkIG8Ya6LvYkZqtUQGJPZjYl53ypCaUwWqo7eI0x66KBGeRo+mlBEkMSeSZ38Nw==}

  unist-util-is@6.0.1:
    resolution: {integrity: sha512-LsiILbtBETkDz8I9p1dQ0uyRUWuaQzd/cuEeS1hoRSyW5E5XGmTzlwY1OrNzzakGowI9Dr/I8HVaw4hTtnxy8g==}

  unist-util-position@5.0.0:
    resolution: {integrity: sha512-fucsC7HjXvkB5R3kTCO7kUjRdrS0BJt3M/FPxmHMBOm8JQi2BsHAHFsy27E0EolP8rp0NzXsJ+jNPyDWvOJZPA==}

  unist-util-stringify-position@4.0.0:
    resolution: {integrity: sha512-0ASV06AAoKCDkS2+xw5RXJywruurpbC4JZSm7nr7MOt1ojAzvyyaO+UxZf18j8FCF6kmzCZKcAgN/yu2gm2XgQ==}

  unist-util-visit-parents@6.0.2:
    resolution: {integrity: sha512-goh1s1TBrqSqukSc8wrjwWhL0hiJxgA8m4kFxGlQ+8FYQ3C/m11FcTs4YYem7V664AhHVvgoQLk890Ssdsr2IQ==}

  unist-util-visit@5.1.0:
    resolution: {integrity: sha512-m+vIdyeCOpdr/QeQCu2EzxX/ohgS8KbnPDgFni4dQsfSCtpz8UqDyY5GjRru8PDKuYn7Fq19j1CQ+nJSsGKOzg==}

  vfile-message@4.0.3:
    resolution: {integrity: sha512-QTHzsGd1EhbZs4AsQ20JX1rC3cOlt/IWJruk893DfLRr57lcnOeMaWG4K0JrRta4mIJZKth2Au3mM3u03/JWKw==}

  vfile@6.0.3:
    resolution: {integrity: sha512-KzIbH/9tXat2u30jf+smMwFCsno4wHVdNmzFyL+T/L3UGqqk6JKfVqOFOZEpZSHADH1k40ab6NUIXZq422ov3Q==}

  vite@7.3.2:
    resolution: {integrity: sha512-Bby3NOsna2jsjfLVOHKes8sGwgl4TT0E6vvpYgnAYDIF/tie7MRaFthmKuHx1NSXjiTueXH3do80FMQgvEktRg==}
    engines: {node: ^20.19.0 || >=22.12.0}
    hasBin: true
    peerDependencies:
      '@types/node': ^20.19.0 || >=22.12.0
      jiti: '>=1.21.0'
      less: ^4.0.0
      lightningcss: ^1.21.0
      sass: ^1.70.0
      sass-embedded: ^1.70.0
      stylus: '>=0.54.8'
      sugarss: ^5.0.0
      terser: ^5.16.0
      tsx: ^4.8.1
      yaml: ^2.4.2
    peerDependenciesMeta:
      '@types/node':
        optional: true
      jiti:
        optional: true
      less:
        optional: true
      lightningcss:
        optional: true
      sass:
        optional: true
      sass-embedded:
        optional: true
      stylus:
        optional: true
      sugarss:
        optional: true
      terser:
        optional: true
      tsx:
        optional: true
      yaml:
        optional: true

  vitepress@2.0.0-alpha.17:
    resolution: {integrity: sha512-Z3VPUpwk/bHYqt1uMVOOK1/4xFiWQov1GNc2FvMdz6kvje4JRXEOngVI9C+bi5jeedMSHiA4dwKkff1NCvbZ9Q==}
    hasBin: true
    peerDependencies:
      markdown-it-mathjax3: ^4
      oxc-minify: '*'
      postcss: ^8
    peerDependenciesMeta:
      markdown-it-mathjax3:
        optional: true
      oxc-minify:
        optional: true
      postcss:
        optional: true

  vue@3.5.33:
    resolution: {integrity: sha512-1AgChhx5w3ALgT4oK3acm2Es/7jyZhWSVUfs3rOBlGQC0rjEDkS7G4lWlJJGGNQD+BV3reCwbQrOe1mPNwKHBQ==}
    peerDependencies:
      typescript: '*'
    peerDependenciesMeta:
      typescript:
        optional: true

  zwitch@2.0.4:
    resolution: {integrity: sha512-bXE4cR/kVZhKZX/RjPEflHaKVhUVl85noU3v6b8apfQEc1x4A+zBxjZ4lN8LqGd6WZ3dl98pY4o717VFmoPp+A==}

snapshots:

  '@babel/helper-string-parser@7.27.1': {}

  '@babel/helper-validator-identifier@7.28.5': {}

  '@babel/parser@7.29.2':
    dependencies:
      '@babel/types': 7.29.0

  '@babel/types@7.29.0':
    dependencies:
      '@babel/helper-string-parser': 7.27.1
      '@babel/helper-validator-identifier': 7.28.5

  '@docsearch/css@4.6.3': {}

  '@docsearch/js@4.6.3': {}

  '@docsearch/sidepanel-js@4.6.3': {}

  '@esbuild/darwin-arm64@0.27.7': {}

  '@esbuild/linux-arm64@0.27.7': {}

  '@esbuild/linux-x64@0.27.7': {}

  '@esbuild/win32-arm64@0.27.7': {}

  '@esbuild/win32-x64@0.27.7': {}

  '@iconify-json/simple-icons@1.2.80':
    dependencies:
      '@iconify/types': 2.0.0

  '@iconify/types@2.0.0': {}

  '@jridgewell/sourcemap-codec@1.5.5': {}

  '@oxc-project/types@0.127.0': {}

  '@oxlint/binding-darwin-arm64@1.62.0': {}

  '@oxlint/binding-linux-arm64-gnu@1.62.0': {}

  '@oxlint/binding-linux-arm64-musl@1.62.0': {}

  '@oxlint/binding-linux-x64-gnu@1.62.0': {}

  '@oxlint/binding-linux-x64-musl@1.62.0': {}

  '@oxlint/binding-win32-arm64-msvc@1.62.0': {}

  '@oxlint/binding-win32-x64-msvc@1.62.0': {}

  '@rolldown/binding-darwin-arm64@1.0.0-rc.17': {}

  '@rolldown/binding-linux-arm64-gnu@1.0.0-rc.17': {}

  '@rolldown/binding-linux-arm64-musl@1.0.0-rc.17': {}

  '@rolldown/binding-linux-x64-gnu@1.0.0-rc.17': {}

  '@rolldown/binding-linux-x64-musl@1.0.0-rc.17': {}

  '@rolldown/binding-win32-arm64-msvc@1.0.0-rc.17': {}

  '@rolldown/binding-win32-x64-msvc@1.0.0-rc.17': {}

  '@rolldown/pluginutils@1.0.0-rc.13': {}

  '@rolldown/pluginutils@1.0.0-rc.17': {}

  '@rollup/rollup-darwin-arm64@4.60.2': {}

  '@rollup/rollup-linux-arm64-gnu@4.60.2': {}

  '@rollup/rollup-linux-arm64-musl@4.60.2': {}

  '@rollup/rollup-linux-x64-gnu@4.60.2': {}

  '@rollup/rollup-linux-x64-musl@4.60.2': {}

  '@rollup/rollup-win32-arm64-msvc@4.60.2': {}

  '@rollup/rollup-win32-x64-gnu@4.60.2': {}

  '@rollup/rollup-win32-x64-msvc@4.60.2': {}

  '@shikijs/core@3.23.0':
    dependencies:
      '@shikijs/types': 3.23.0
      '@shikijs/vscode-textmate': 10.0.2
      '@types/hast': 3.0.4
      hast-util-to-html: 9.0.5

  '@shikijs/engine-javascript@3.23.0':
    dependencies:
      '@shikijs/types': 3.23.0
      '@shikijs/vscode-textmate': 10.0.2
      oniguruma-to-es: 4.3.6

  '@shikijs/engine-oniguruma@3.23.0':
    dependencies:
      '@shikijs/types': 3.23.0
      '@shikijs/vscode-textmate': 10.0.2

  '@shikijs/langs@3.23.0':
    dependencies:
      '@shikijs/types': 3.23.0

  '@shikijs/themes@3.23.0':
    dependencies:
      '@shikijs/types': 3.23.0

  '@shikijs/transformers@3.23.0':
    dependencies:
      '@shikijs/core': 3.23.0
      '@shikijs/types': 3.23.0

  '@shikijs/types@3.23.0':
    dependencies:
      '@shikijs/vscode-textmate': 10.0.2
      '@types/hast': 3.0.4

  '@shikijs/vscode-textmate@10.0.2': {}

  '@types/estree@1.0.8': {}

  '@types/hast@3.0.4':
    dependencies:
      '@types/unist': 3.0.3

  '@types/linkify-it@5.0.0': {}

  '@types/markdown-it@14.1.2':
    dependencies:
      '@types/linkify-it': 5.0.0
      '@types/mdurl': 2.0.0

  '@types/mdast@4.0.4':
    dependencies:
      '@types/unist': 3.0.3

  '@types/mdurl@2.0.0': {}

  '@types/node@24.12.2':
    dependencies:
      undici-types: 7.16.0

  '@types/unist@3.0.3': {}

  '@types/web-bluetooth@0.0.21': {}

  '@ungap/structured-clone@1.3.0': {}

  '@vitejs/plugin-vue@6.0.6(vite@7.3.2(@types/node@24.12.2))(vue@3.5.33(typescript@5.9.3))':
    dependencies:
      '@rolldown/pluginutils': 1.0.0-rc.13
      vite: 7.3.2(@types/node@24.12.2)
      vue: 3.5.33(typescript@5.9.3)

  '@vue/compiler-core@3.5.33':
    dependencies:
      '@babel/parser': 7.29.2
      '@vue/shared': 3.5.33
      entities: 7.0.1
      estree-walker: 2.0.2
      source-map-js: 1.2.1

  '@vue/compiler-dom@3.5.33':
    dependencies:
      '@vue/compiler-core': 3.5.33
      '@vue/shared': 3.5.33

  '@vue/compiler-sfc@3.5.33':
    dependencies:
      '@babel/parser': 7.29.2
      '@vue/compiler-core': 3.5.33
      '@vue/compiler-dom': 3.5.33
      '@vue/compiler-ssr': 3.5.33
      '@vue/shared': 3.5.33
      estree-walker: 2.0.2
      magic-string: 0.30.21
      postcss: 8.5.12
      source-map-js: 1.2.1

  '@vue/compiler-ssr@3.5.33':
    dependencies:
      '@vue/compiler-dom': 3.5.33
      '@vue/shared': 3.5.33

  '@vue/devtools-api@8.1.1':
    dependencies:
      '@vue/devtools-kit': 8.1.1

  '@vue/devtools-kit@8.1.1':
    dependencies:
      '@vue/devtools-shared': 8.1.1
      birpc: 2.9.0
      hookable: 5.5.3
      perfect-debounce: 2.1.0

  '@vue/devtools-shared@8.1.1': {}

  '@vue/reactivity@3.5.33':
    dependencies:
      '@vue/shared': 3.5.33

  '@vue/runtime-core@3.5.33':
    dependencies:
      '@vue/reactivity': 3.5.33
      '@vue/shared': 3.5.33

  '@vue/runtime-dom@3.5.33':
    dependencies:
      '@vue/reactivity': 3.5.33
      '@vue/runtime-core': 3.5.33
      '@vue/shared': 3.5.33
      csstype: 3.2.3

  '@vue/server-renderer@3.5.33(vue@3.5.33(typescript@5.9.3))':
    dependencies:
      '@vue/compiler-ssr': 3.5.33
      '@vue/shared': 3.5.33
      vue: 3.5.33(typescript@5.9.3)

  '@vue/shared@3.5.33': {}

  '@vueuse/core@14.2.1(vue@3.5.33(typescript@5.9.3))':
    dependencies:
      '@types/web-bluetooth': 0.0.21
      '@vueuse/metadata': 14.2.1
      '@vueuse/shared': 14.2.1(vue@3.5.33(typescript@5.9.3))
      vue: 3.5.33(typescript@5.9.3)

  '@vueuse/integrations@14.2.1(focus-trap@8.1.0)(vue@3.5.33(typescript@5.9.3))':
    dependencies:
      '@vueuse/core': 14.2.1(vue@3.5.33(typescript@5.9.3))
      '@vueuse/shared': 14.2.1(vue@3.5.33(typescript@5.9.3))
      focus-trap: 8.1.0
      vue: 3.5.33(typescript@5.9.3)

  '@vueuse/metadata@14.2.1': {}

  '@vueuse/shared@14.2.1(vue@3.5.33(typescript@5.9.3))':
    dependencies:
      vue: 3.5.33(typescript@5.9.3)

  birpc@2.9.0: {}

  ccount@2.0.1: {}

  character-entities-html4@2.1.0: {}

  character-entities-legacy@3.0.0: {}

  comma-separated-tokens@2.0.3: {}

  csstype@3.2.3: {}

  dequal@2.0.3: {}

  devlop@1.1.0:
    dependencies:
      dequal: 2.0.3

  entities@7.0.1: {}

  esbuild@0.27.7:
    optionalDependencies:
      '@esbuild/darwin-arm64': 0.27.7
      '@esbuild/linux-arm64': 0.27.7
      '@esbuild/linux-x64': 0.27.7
      '@esbuild/win32-arm64': 0.27.7
      '@esbuild/win32-x64': 0.27.7

  estree-walker@2.0.2: {}

  fdir@6.5.0(picomatch@4.0.4):
    dependencies:
      picomatch: 4.0.4

  focus-trap@8.1.0:
    dependencies:
      tabbable: 6.4.0

  fsevents@2.3.3: {}

  hast-util-to-html@9.0.5:
    dependencies:
      '@types/hast': 3.0.4
      '@types/unist': 3.0.3
      ccount: 2.0.1
      comma-separated-tokens: 2.0.3
      hast-util-whitespace: 3.0.0
      html-void-elements: 3.0.0
      mdast-util-to-hast: 13.2.1
      property-information: 7.1.0
      space-separated-tokens: 2.0.2
      stringify-entities: 4.0.4
      zwitch: 2.0.4

  hast-util-whitespace@3.0.0:
    dependencies:
      '@types/hast': 3.0.4

  hookable@5.5.3: {}

  html-void-elements@3.0.0: {}

  magic-string@0.30.21:
    dependencies:
      '@jridgewell/sourcemap-codec': 1.5.5

  mark.js@8.11.1: {}

  mdast-util-to-hast@13.2.1:
    dependencies:
      '@types/hast': 3.0.4
      '@types/mdast': 4.0.4
      '@ungap/structured-clone': 1.3.0
      devlop: 1.1.0
      micromark-util-sanitize-uri: 2.0.1
      trim-lines: 3.0.1
      unist-util-position: 5.0.0
      unist-util-visit: 5.1.0
      vfile: 6.0.3

  micromark-util-character@2.1.1:
    dependencies:
      micromark-util-symbol: 2.0.1
      micromark-util-types: 2.0.2

  micromark-util-encode@2.0.1: {}

  micromark-util-sanitize-uri@2.0.1:
    dependencies:
      micromark-util-character: 2.1.1
      micromark-util-encode: 2.0.1
      micromark-util-symbol: 2.0.1

  micromark-util-symbol@2.0.1: {}

  micromark-util-types@2.0.2: {}

  minisearch@7.2.0: {}

  nanoid@3.3.11: {}

  oniguruma-parser@0.12.2: {}

  oniguruma-to-es@4.3.6:
    dependencies:
      oniguruma-parser: 0.12.2
      regex: 6.1.0
      regex-recursion: 6.0.2

  oxlint@1.62.0:
    optionalDependencies:
      '@oxlint/binding-darwin-arm64': 1.62.0
      '@oxlint/binding-linux-arm64-gnu': 1.62.0
      '@oxlint/binding-linux-arm64-musl': 1.62.0
      '@oxlint/binding-linux-x64-gnu': 1.62.0
      '@oxlint/binding-linux-x64-musl': 1.62.0
      '@oxlint/binding-win32-arm64-msvc': 1.62.0
      '@oxlint/binding-win32-x64-msvc': 1.62.0

  perfect-debounce@2.1.0: {}

  picocolors@1.1.1: {}

  picomatch@4.0.4: {}

  postcss@8.5.12:
    dependencies:
      nanoid: 3.3.11
      picocolors: 1.1.1
      source-map-js: 1.2.1

  property-information@7.1.0: {}

  regex-recursion@6.0.2:
    dependencies:
      regex-utilities: 2.3.0

  regex-utilities@2.3.0: {}

  regex@6.1.0:
    dependencies:
      regex-utilities: 2.3.0

  rolldown@1.0.0-rc.17:
    dependencies:
      '@oxc-project/types': 0.127.0
      '@rolldown/pluginutils': 1.0.0-rc.17
    optionalDependencies:
      '@rolldown/binding-darwin-arm64': 1.0.0-rc.17
      '@rolldown/binding-linux-arm64-gnu': 1.0.0-rc.17
      '@rolldown/binding-linux-arm64-musl': 1.0.0-rc.17
      '@rolldown/binding-linux-x64-gnu': 1.0.0-rc.17
      '@rolldown/binding-linux-x64-musl': 1.0.0-rc.17
      '@rolldown/binding-win32-arm64-msvc': 1.0.0-rc.17
      '@rolldown/binding-win32-x64-msvc': 1.0.0-rc.17

  rollup@4.60.2:
    dependencies:
      '@types/estree': 1.0.8
    optionalDependencies:
      '@rollup/rollup-darwin-arm64': 4.60.2
      '@rollup/rollup-linux-arm64-gnu': 4.60.2
      '@rollup/rollup-linux-arm64-musl': 4.60.2
      '@rollup/rollup-linux-x64-gnu': 4.60.2
      '@rollup/rollup-linux-x64-musl': 4.60.2
      '@rollup/rollup-win32-arm64-msvc': 4.60.2
      '@rollup/rollup-win32-x64-gnu': 4.60.2
      '@rollup/rollup-win32-x64-msvc': 4.60.2
      fsevents: 2.3.3

  shiki@3.23.0:
    dependencies:
      '@shikijs/core': 3.23.0
      '@shikijs/engine-javascript': 3.23.0
      '@shikijs/engine-oniguruma': 3.23.0
      '@shikijs/langs': 3.23.0
      '@shikijs/themes': 3.23.0
      '@shikijs/types': 3.23.0
      '@shikijs/vscode-textmate': 10.0.2
      '@types/hast': 3.0.4

  source-map-js@1.2.1: {}

  space-separated-tokens@2.0.2: {}

  stringify-entities@4.0.4:
    dependencies:
      character-entities-html4: 2.1.0
      character-entities-legacy: 3.0.0

  tabbable@6.4.0: {}

  tinyglobby@0.2.16:
    dependencies:
      fdir: 6.5.0(picomatch@4.0.4)
      picomatch: 4.0.4

  trim-lines@3.0.1: {}

  typescript@5.9.3: {}

  undici-types@7.16.0: {}

  unist-util-is@6.0.1:
    dependencies:
      '@types/unist': 3.0.3

  unist-util-position@5.0.0:
    dependencies:
      '@types/unist': 3.0.3

  unist-util-stringify-position@4.0.0:
    dependencies:
      '@types/unist': 3.0.3

  unist-util-visit-parents@6.0.2:
    dependencies:
      '@types/unist': 3.0.3
      unist-util-is: 6.0.1

  unist-util-visit@5.1.0:
    dependencies:
      '@types/unist': 3.0.3
      unist-util-is: 6.0.1
      unist-util-visit-parents: 6.0.2

  vfile-message@4.0.3:
    dependencies:
      '@types/unist': 3.0.3
      unist-util-stringify-position: 4.0.0

  vfile@6.0.3:
    dependencies:
      '@types/unist': 3.0.3
      vfile-message: 4.0.3

  vite@7.3.2(@types/node@24.12.2):
    dependencies:
      '@types/node': 24.12.2
      esbuild: 0.27.7
      fdir: 6.5.0(picomatch@4.0.4)
      picomatch: 4.0.4
      postcss: 8.5.12
      rollup: 4.60.2
      tinyglobby: 0.2.16
    optionalDependencies:
      fsevents: 2.3.3

  vitepress@2.0.0-alpha.17(postcss@8.5.12):
    dependencies:
      '@docsearch/css': 4.6.3
      '@docsearch/js': 4.6.3
      '@docsearch/sidepanel-js': 4.6.3
      '@iconify-json/simple-icons': 1.2.80
      '@shikijs/core': 3.23.0
      '@shikijs/transformers': 3.23.0
      '@shikijs/types': 3.23.0
      '@types/markdown-it': 14.1.2
      '@vitejs/plugin-vue': 6.0.6(vite@7.3.2(@types/node@24.12.2))(vue@3.5.33(typescript@5.9.3))
      '@vue/devtools-api': 8.1.1
      '@vue/shared': 3.5.33
      '@vueuse/core': 14.2.1(vue@3.5.33(typescript@5.9.3))
      '@vueuse/integrations': 14.2.1(focus-trap@8.1.0)(vue@3.5.33(typescript@5.9.3))
      focus-trap: 8.1.0
      mark.js: 8.11.1
      minisearch: 7.2.0
      postcss: 8.5.12
      shiki: 3.23.0
      vite: 7.3.2(@types/node@24.12.2)
      vue: 3.5.33(typescript@5.9.3)

  vue@3.5.33(typescript@5.9.3):
    dependencies:
      '@vue/compiler-dom': 3.5.33
      '@vue/compiler-sfc': 3.5.33
      '@vue/runtime-dom': 3.5.33
      '@vue/server-renderer': 3.5.33(vue@3.5.33(typescript@5.9.3))
      '@vue/shared': 3.5.33
      typescript: 5.9.3

  zwitch@2.0.4: {}
